
Microsoft Visual Studio Solution File, Format Version 12.00
# Visual Studio Version 17
VisualStudioVersion = 17.11.35327.3
MinimumVisualStudioVersion = 10.0.40219.1
Project("{FAE04EC0-301F-11D3-BF4B-00C04F79EFBC}") = "Technico", "Technico\Technico.csproj", "{6BA91E89-4A8B-4D1C-8E5E-F134E3CC29D1}"
EndProject
Global
	GlobalSection(SolutionConfigurationPlatforms) = preSolution
		Debug|Any CPU = Debug|Any CPU
		Release|Any CPU = Release|Any CPU
	EndGlobalSection
	GlobalSection(ProjectConfigurationPlatforms) = postSolution
		{6BA91E89-4A8B-4D1C-8E5E-F134E3CC29D1}.Debug|Any CPU.ActiveCfg = Debug|Any CPU
		{6BA91E89-4A8B-4D1C-8E5E-F134E3CC29D1}.Debug|Any CPU.Build.0 = Debug|Any CPU
		{6BA91E89-4A8B-4D1C-8E5E-F134E3CC29D1}.Release|Any CPU.ActiveCfg = Release|Any CPU
		{6BA91E89-4A8B-4D1C-8E5E-F134E3CC29D1}.Release|Any CPU.Build.0 = Release|Any CPU
	EndGlobalSection
	GlobalSection(SolutionProperties) = preSolution
		HideSolutionNode = FALSE
	EndGlobalSection
	GlobalSection(ExtensibilityGlobals) = postSolution
		SolutionGuid = {FB63876B-55F5-424A-9CAB-D4789BADC1E1}
	EndGlobalSection
EndGlobal
